
Microsoft Visual Studio Solution File, Format Version 12.00
# Visual Studio Version 17
VisualStudioVersion = 17.8.34330.188
MinimumVisualStudioVersion = 10.0.40219.1
Project("{9A19103F-16F7-4668-BE54-9A1E7A4F7556}") = "Koboldcs", "Koboldcs.csproj", "{163088DB-DB37-442A-9C88-73D923672F82}"
	ProjectSection(ProjectDependencies) = postProject
		{E4285281-E762-4448-98D9-6D891BC6B9AF} = {E4285281-E762-4448-98D9-6D891BC6B9AF}
	EndProjectSection
EndProject
Project("{9A19103F-16F7-4668-BE54-9A1E7A4F7556}") = "LLamaSharp", "LLamaSharp\LLama\LLamaSharp.csproj", "{E4285281-E762-4448-98D9-6D891BC6B9AF}"
EndProject
Global
	GlobalSection(SolutionConfigurationPlatforms) = preSolution
		Debug|Any CPU = Debug|Any CPU
		Debug|Arm64 = Debug|Arm64
		Debug|x64 = Debug|x64
		Debug|x86 = Debug|x86
		GPU|Any CPU = GPU|Any CPU
		GPU|Arm64 = GPU|Arm64
		GPU|x64 = GPU|x64
		GPU|x86 = GPU|x86
		Release|Any CPU = Release|Any CPU
		Release|Arm64 = Release|Arm64
		Release|x64 = Release|x64
		Release|x86 = Release|x86
	EndGlobalSection
	GlobalSection(ProjectConfigurationPlatforms) = postSolution
		{163088DB-DB37-442A-9C88-73D923672F82}.Debug|Any CPU.ActiveCfg = Debug|Any CPU
		{163088DB-DB37-442A-9C88-73D923672F82}.Debug|Any CPU.Build.0 = Debug|Any CPU
		{163088DB-DB37-442A-9C88-73D923672F82}.Debug|Any CPU.Deploy.0 = Debug|Any CPU
		{163088DB-DB37-442A-9C88-73D923672F82}.Debug|Arm64.ActiveCfg = Debug|Any CPU
		{163088DB-DB37-442A-9C88-73D923672F82}.Debug|Arm64.Build.0 = Debug|Any CPU
		{163088DB-DB37-442A-9C88-73D923672F82}.Debug|Arm64.Deploy.0 = Debug|Any CPU
		{163088DB-DB37-442A-9C88-73D923672F82}.Debug|x64.ActiveCfg = Debug|Any CPU
		{163088DB-DB37-442A-9C88-73D923672F82}.Debug|x64.Build.0 = Debug|Any CPU
		{163088DB-DB37-442A-9C88-73D923672F82}.Debug|x64.Deploy.0 = Debug|Any CPU
		{163088DB-DB37-442A-9C88-73D923672F82}.Debug|x86.ActiveCfg = Debug|Any CPU
		{163088DB-DB37-442A-9C88-73D923672F82}.Debug|x86.Build.0 = Debug|Any CPU
		{163088DB-DB37-442A-9C88-73D923672F82}.Debug|x86.Deploy.0 = Debug|Any CPU
		{163088DB-DB37-442A-9C88-73D923672F82}.GPU|Any CPU.ActiveCfg = Release|Any CPU
		{163088DB-DB37-442A-9C88-73D923672F82}.GPU|Any CPU.Build.0 = Release|Any CPU
		{163088DB-DB37-442A-9C88-73D923672F82}.GPU|Any CPU.Deploy.0 = Release|Any CPU
		{163088DB-DB37-442A-9C88-73D923672F82}.GPU|Arm64.ActiveCfg = Release|Any CPU
		{163088DB-DB37-442A-9C88-73D923672F82}.GPU|Arm64.Build.0 = Release|Any CPU
		{163088DB-DB37-442A-9C88-73D923672F82}.GPU|Arm64.Deploy.0 = Release|Any CPU
		{163088DB-DB37-442A-9C88-73D923672F82}.GPU|x64.ActiveCfg = Release|x64
		{163088DB-DB37-442A-9C88-73D923672F82}.GPU|x64.Build.0 = Release|x64
		{163088DB-DB37-442A-9C88-73D923672F82}.GPU|x64.Deploy.0 = Release|x64
		{163088DB-DB37-442A-9C88-73D923672F82}.GPU|x86.ActiveCfg = Release|Any CPU
		{163088DB-DB37-442A-9C88-73D923672F82}.GPU|x86.Build.0 = Release|Any CPU
		{163088DB-DB37-442A-9C88-73D923672F82}.GPU|x86.Deploy.0 = Release|Any CPU
		{163088DB-DB37-442A-9C88-73D923672F82}.Release|Any CPU.ActiveCfg = Release|Any CPU
		{163088DB-DB37-442A-9C88-73D923672F82}.Release|Any CPU.Build.0 = Release|Any CPU
		{163088DB-DB37-442A-9C88-73D923672F82}.Release|Any CPU.Deploy.0 = Release|Any CPU
		{163088DB-DB37-442A-9C88-73D923672F82}.Release|Arm64.ActiveCfg = Release|Any CPU
		{163088DB-DB37-442A-9C88-73D923672F82}.Release|Arm64.Build.0 = Release|Any CPU
		{163088DB-DB37-442A-9C88-73D923672F82}.Release|Arm64.Deploy.0 = Release|Any CPU
		{163088DB-DB37-442A-9C88-73D923672F82}.Release|x64.ActiveCfg = Release|x64
		{163088DB-DB37-442A-9C88-73D923672F82}.Release|x64.Build.0 = Release|x64
		{163088DB-DB37-442A-9C88-73D923672F82}.Release|x64.Deploy.0 = Release|x64
		{163088DB-DB37-442A-9C88-73D923672F82}.Release|x86.ActiveCfg = Release|Any CPU
		{163088DB-DB37-442A-9C88-73D923672F82}.Release|x86.Build.0 = Release|Any CPU
		{163088DB-DB37-442A-9C88-73D923672F82}.Release|x86.Deploy.0 = Release|Any CPU
		{E4285281-E762-4448-98D9-6D891BC6B9AF}.Debug|Any CPU.ActiveCfg = Debug|Any CPU
		{E4285281-E762-4448-98D9-6D891BC6B9AF}.Debug|Any CPU.Build.0 = Debug|Any CPU
		{E4285281-E762-4448-98D9-6D891BC6B9AF}.Debug|Arm64.ActiveCfg = Debug|Arm64
		{E4285281-E762-4448-98D9-6D891BC6B9AF}.Debug|Arm64.Build.0 = Debug|Arm64
		{E4285281-E762-4448-98D9-6D891BC6B9AF}.Debug|x64.ActiveCfg = Debug|x64
		{E4285281-E762-4448-98D9-6D891BC6B9AF}.Debug|x64.Build.0 = Debug|x64
		{E4285281-E762-4448-98D9-6D891BC6B9AF}.Debug|x86.ActiveCfg = Debug|Any CPU
		{E4285281-E762-4448-98D9-6D891BC6B9AF}.Debug|x86.Build.0 = Debug|Any CPU
		{E4285281-E762-4448-98D9-6D891BC6B9AF}.GPU|Any CPU.ActiveCfg = GPU|Any CPU
		{E4285281-E762-4448-98D9-6D891BC6B9AF}.GPU|Any CPU.Build.0 = GPU|Any CPU
		{E4285281-E762-4448-98D9-6D891BC6B9AF}.GPU|Arm64.ActiveCfg = GPU|Arm64
		{E4285281-E762-4448-98D9-6D891BC6B9AF}.GPU|Arm64.Build.0 = GPU|Arm64
		{E4285281-E762-4448-98D9-6D891BC6B9AF}.GPU|x64.ActiveCfg = GPU|x64
		{E4285281-E762-4448-98D9-6D891BC6B9AF}.GPU|x64.Build.0 = GPU|x64
		{E4285281-E762-4448-98D9-6D891BC6B9AF}.GPU|x86.ActiveCfg = GPU|Any CPU
		{E4285281-E762-4448-98D9-6D891BC6B9AF}.GPU|x86.Build.0 = GPU|Any CPU
		{E4285281-E762-4448-98D9-6D891BC6B9AF}.Release|Any CPU.ActiveCfg = Release|Any CPU
		{E4285281-E762-4448-98D9-6D891BC6B9AF}.Release|Any CPU.Build.0 = Release|Any CPU
		{E4285281-E762-4448-98D9-6D891BC6B9AF}.Release|Arm64.ActiveCfg = Release|Arm64
		{E4285281-E762-4448-98D9-6D891BC6B9AF}.Release|Arm64.Build.0 = Release|Arm64
		{E4285281-E762-4448-98D9-6D891BC6B9AF}.Release|x64.ActiveCfg = Release|x64
		{E4285281-E762-4448-98D9-6D891BC6B9AF}.Release|x64.Build.0 = Release|x64
		{E4285281-E762-4448-98D9-6D891BC6B9AF}.Release|x86.ActiveCfg = Release|Any CPU
		{E4285281-E762-4448-98D9-6D891BC6B9AF}.Release|x86.Build.0 = Release|Any CPU
	EndGlobalSection
	GlobalSection(SolutionProperties) = preSolution
		HideSolutionNode = FALSE
	EndGlobalSection
	GlobalSection(ExtensibilityGlobals) = postSolution
		SolutionGuid = {4C24BDB6-13A9-4E30-9534-1796E8D70E34}
	EndGlobalSection
EndGlobal
